
Microsoft Visual Studio Solution File, Format Version 12.00
# Visual Studio 15
Project("{FAE04EC0-301F-11D3-BF4B-00C04F79EFBC}") = "Assembly-CSharp", "Assembly-CSharp.csproj", "{1594538A-2FB7-0852-E6AB-381BDE94869C}"
EndProject
Project("{FAE04EC0-301F-11D3-BF4B-00C04F79EFBC}") = "Assembly-CSharp-Editor", "Assembly-CSharp-Editor.csproj", "{D80EFEF8-FAF8-E22A-79F8-B45BA99413D6}"
EndProject
Global
	GlobalSection(SolutionConfigurationPlatforms) = preSolution
		Debug|Any CPU = Debug|Any CPU
		Release|Any CPU = Release|Any CPU
	EndGlobalSection
	GlobalSection(ProjectConfigurationPlatforms) = postSolution
		{1594538A-2FB7-0852-E6AB-381BDE94869C}.Debug|Any CPU.ActiveCfg = Debug|Any CPU
		{1594538A-2FB7-0852-E6AB-381BDE94869C}.Debug|Any CPU.Build.0 = Debug|Any CPU
		{1594538A-2FB7-0852-E6AB-381BDE94869C}.Release|Any CPU.ActiveCfg = Release|Any CPU
		{1594538A-2FB7-0852-E6AB-381BDE94869C}.Release|Any CPU.Build.0 = Release|Any CPU
		{D80EFEF8-FAF8-E22A-79F8-B45BA99413D6}.Debug|Any CPU.ActiveCfg = Debug|Any CPU
		{D80EFEF8-FAF8-E22A-79F8-B45BA99413D6}.Debug|Any CPU.Build.0 = Debug|Any CPU
		{D80EFEF8-FAF8-E22A-79F8-B45BA99413D6}.Release|Any CPU.ActiveCfg = Release|Any CPU
		{D80EFEF8-FAF8-E22A-79F8-B45BA99413D6}.Release|Any CPU.Build.0 = Release|Any CPU
	EndGlobalSection
	GlobalSection(SolutionProperties) = preSolution
		HideSolutionNode = FALSE
	EndGlobalSection
EndGlobal
